
Microsoft Visual Studio Solution File, Format Version 12.00
# Visual Studio Version 16
VisualStudioVersion = 16.0.30413.136
MinimumVisualStudioVersion = 10.0.40219.1
Project("{FAE04EC0-301F-11D3-BF4B-00C04F79EFBC}") = "DataTransfer", "DataTransfer\DataTransfer.csproj", "{BA4E6A4C-763F-4330-8AD0-5E50EA2ACDDE}"
EndProject
Project("{FAE04EC0-301F-11D3-BF4B-00C04F79EFBC}") = "JoystickExample", "JoystickExample\JoystickExample.csproj", "{1F553482-96A9-4271-9881-510383266728}"
EndProject
Project("{FAE04EC0-301F-11D3-BF4B-00C04F79EFBC}") = "Ka50Model", "Ka50Model\Ka50Model.csproj", "{7CC1D75B-0BDE-465B-9D68-DC97477BEE05}"
EndProject
Project("{FAE04EC0-301F-11D3-BF4B-00C04F79EFBC}") = "HxModel", "HxModel\HxModel.csproj", "{1F0E1B3C-AA0E-4751-9B1F-B3CFD77DBA5D}"
EndProject
Project("{FAE04EC0-301F-11D3-BF4B-00C04F79EFBC}") = "Pue", "Pue\Pue.csproj", "{FE318F2A-0D06-4E26-B969-275469F92D43}"
EndProject
Project("{FAE04EC0-301F-11D3-BF4B-00C04F79EFBC}") = "StubModel", "StubModel\StubModel.csproj", "{B5D16206-9281-4C7F-8F28-E71E8B2C953E}"
EndProject
Project("{FAE04EC0-301F-11D3-BF4B-00C04F79EFBC}") = "StructHxModel", "StructHxModel\StructHxModel.csproj", "{494C782E-96DA-41D4-B7F5-257050FEB9E1}"
EndProject
Global
	GlobalSection(SolutionConfigurationPlatforms) = preSolution
		Debug|Any CPU = Debug|Any CPU
		Release|Any CPU = Release|Any CPU
	EndGlobalSection
	GlobalSection(ProjectConfigurationPlatforms) = postSolution
		{BA4E6A4C-763F-4330-8AD0-5E50EA2ACDDE}.Debug|Any CPU.ActiveCfg = Debug|Any CPU
		{BA4E6A4C-763F-4330-8AD0-5E50EA2ACDDE}.Debug|Any CPU.Build.0 = Debug|Any CPU
		{BA4E6A4C-763F-4330-8AD0-5E50EA2ACDDE}.Release|Any CPU.ActiveCfg = Release|Any CPU
		{BA4E6A4C-763F-4330-8AD0-5E50EA2ACDDE}.Release|Any CPU.Build.0 = Release|Any CPU
		{1F553482-96A9-4271-9881-510383266728}.Debug|Any CPU.ActiveCfg = Debug|Any CPU
		{1F553482-96A9-4271-9881-510383266728}.Debug|Any CPU.Build.0 = Debug|Any CPU
		{1F553482-96A9-4271-9881-510383266728}.Release|Any CPU.ActiveCfg = Release|Any CPU
		{1F553482-96A9-4271-9881-510383266728}.Release|Any CPU.Build.0 = Release|Any CPU
		{7CC1D75B-0BDE-465B-9D68-DC97477BEE05}.Debug|Any CPU.ActiveCfg = Debug|Any CPU
		{7CC1D75B-0BDE-465B-9D68-DC97477BEE05}.Debug|Any CPU.Build.0 = Debug|Any CPU
		{7CC1D75B-0BDE-465B-9D68-DC97477BEE05}.Release|Any CPU.ActiveCfg = Release|Any CPU
		{7CC1D75B-0BDE-465B-9D68-DC97477BEE05}.Release|Any CPU.Build.0 = Release|Any CPU
		{1F0E1B3C-AA0E-4751-9B1F-B3CFD77DBA5D}.Debug|Any CPU.ActiveCfg = Debug|Any CPU
		{1F0E1B3C-AA0E-4751-9B1F-B3CFD77DBA5D}.Debug|Any CPU.Build.0 = Debug|Any CPU
		{1F0E1B3C-AA0E-4751-9B1F-B3CFD77DBA5D}.Release|Any CPU.ActiveCfg = Release|Any CPU
		{1F0E1B3C-AA0E-4751-9B1F-B3CFD77DBA5D}.Release|Any CPU.Build.0 = Release|Any CPU
		{FE318F2A-0D06-4E26-B969-275469F92D43}.Debug|Any CPU.ActiveCfg = Debug|Any CPU
		{FE318F2A-0D06-4E26-B969-275469F92D43}.Debug|Any CPU.Build.0 = Debug|Any CPU
		{FE318F2A-0D06-4E26-B969-275469F92D43}.Release|Any CPU.ActiveCfg = Release|Any CPU
		{FE318F2A-0D06-4E26-B969-275469F92D43}.Release|Any CPU.Build.0 = Release|Any CPU
		{B5D16206-9281-4C7F-8F28-E71E8B2C953E}.Debug|Any CPU.ActiveCfg = Debug|Any CPU
		{B5D16206-9281-4C7F-8F28-E71E8B2C953E}.Debug|Any CPU.Build.0 = Debug|Any CPU
		{B5D16206-9281-4C7F-8F28-E71E8B2C953E}.Release|Any CPU.ActiveCfg = Release|Any CPU
		{B5D16206-9281-4C7F-8F28-E71E8B2C953E}.Release|Any CPU.Build.0 = Release|Any CPU
		{494C782E-96DA-41D4-B7F5-257050FEB9E1}.Debug|Any CPU.ActiveCfg = Debug|Any CPU
		{494C782E-96DA-41D4-B7F5-257050FEB9E1}.Debug|Any CPU.Build.0 = Debug|Any CPU
		{494C782E-96DA-41D4-B7F5-257050FEB9E1}.Release|Any CPU.ActiveCfg = Release|Any CPU
		{494C782E-96DA-41D4-B7F5-257050FEB9E1}.Release|Any CPU.Build.0 = Release|Any CPU
	EndGlobalSection
	GlobalSection(SolutionProperties) = preSolution
		HideSolutionNode = FALSE
	EndGlobalSection
	GlobalSection(ExtensibilityGlobals) = postSolution
		SolutionGuid = {649B40A4-0820-4E92-AEDA-4C84FD4250D1}
	EndGlobalSection
EndGlobal
